# THIS IS AN AUTOGENERATED FILE. DO NOT EDIT THIS FILE DIRECTLY.
# yarn lockfile v1


pannellum@^2.4.1:
  version "2.4.1"
  resolved "https://registry.yarnpkg.com/pannellum/-/pannellum-2.4.1.tgz#abd5defdb4cdfe1e69736aa2b7ab6e0912fa52b4"
  integrity sha512-phldnZG/Ke/zEYSUrCnaS4MS6YNNHXyPBPbdkp1S6hv47KqO56XVbJwp9bbOJ8YRqRHxniBWqxQP5TnexqiYyA==
